
Microsoft Visual Studio Solution File, Format Version 12.00
# Visual Studio Version 16
VisualStudioVersion = 16.0.29920.165
MinimumVisualStudioVersion = 10.0.40219.1
Project("{8BC9CEB8-8B4A-11D0-8D11-00A0C91BC942}") = "LSW5", "LSW5\LSW5.vcxproj", "{FB49C2A0-FD5E-4DF9-AFB8-D1BD42FDCEDD}"
EndProject
Global
	GlobalSection(SolutionConfigurationPlatforms) = preSolution
		Debug|x64 = Debug|x64
		Debug|x86 = Debug|x86
		Release|x64 = Release|x64
		Release|x86 = Release|x86
	EndGlobalSection
	GlobalSection(ProjectConfigurationPlatforms) = postSolution
		{FB49C2A0-FD5E-4DF9-AFB8-D1BD42FDCEDD}.Debug|x64.ActiveCfg = Debug|x64
		{FB49C2A0-FD5E-4DF9-AFB8-D1BD42FDCEDD}.Debug|x64.Build.0 = Debug|x64
		{FB49C2A0-FD5E-4DF9-AFB8-D1BD42FDCEDD}.Debug|x86.ActiveCfg = Debug|Win32
		{FB49C2A0-FD5E-4DF9-AFB8-D1BD42FDCEDD}.Debug|x86.Build.0 = Debug|Win32
		{FB49C2A0-FD5E-4DF9-AFB8-D1BD42FDCEDD}.Release|x64.ActiveCfg = Release|x64
		{FB49C2A0-FD5E-4DF9-AFB8-D1BD42FDCEDD}.Release|x64.Build.0 = Release|x64
		{FB49C2A0-FD5E-4DF9-AFB8-D1BD42FDCEDD}.Release|x86.ActiveCfg = Release|Win32
		{FB49C2A0-FD5E-4DF9-AFB8-D1BD42FDCEDD}.Release|x86.Build.0 = Release|Win32
	EndGlobalSection
	GlobalSection(SolutionProperties) = preSolution
		HideSolutionNode = FALSE
	EndGlobalSection
	GlobalSection(ExtensibilityGlobals) = postSolution
		SolutionGuid = {425A5D74-D6F6-4721-B6F1-AF22F6C7D4A7}
	EndGlobalSection
EndGlobal
