<?xml version="1.0" encoding="utf-8"?>
<Project ToolsVersion="4.0" xmlns="http://schemas.microsoft.com/developer/msbuild/2003">
  <ItemGroup>
    <Filter Include="LSW5">
      <UniqueIdentifier>{298a9cee-b1d5-4a09-890d-a80539366e03}</UniqueIdentifier>
    </Filter>
    <Filter Include="LSW5\CORE">
      <UniqueIdentifier>{18107e2d-dfb1-4d12-922c-bdd2790f0f18}</UniqueIdentifier>
    </Filter>
    <Filter Include="LSW5\CORE\DATA">
      <UniqueIdentifier>{93bbf2b7-fe4e-45dc-8d74-223772b9a80f}</UniqueIdentifier>
    </Filter>
    <Filter Include="LSW5\CORE\DISPLAY">
      <UniqueIdentifier>{c15d374f-03d1-4e54-a04d-388fa18e100f}</UniqueIdentifier>
    </Filter>
    <Filter Include="LSW5\CORE\MUSIC">
      <UniqueIdentifier>{24b08925-17f6-43e8-a498-261a78ab729b}</UniqueIdentifier>
    </Filter>
    <Filter Include="LSW5\CORE\SPRITE">
      <UniqueIdentifier>{a62d0a63-4a1a-41e0-b48b-79b9ed7955fb}</UniqueIdentifier>
    </Filter>
    <Filter Include="LSW5\side">
      <UniqueIdentifier>{223c3072-18ad-4bac-8031-cf91700e0ec1}</UniqueIdentifier>
    </Filter>
    <Filter Include="LSW5\side\filesystem">
      <UniqueIdentifier>{195c98ca-a78d-4f4e-99a0-a3b66daa9458}</UniqueIdentifier>
    </Filter>
    <Filter Include="LSW5\side\autocaster">
      <UniqueIdentifier>{d9e997fa-add2-4f60-b58e-0ed27da608ed}</UniqueIdentifier>
    </Filter>
    <Filter Include="LSW5\side\socketsystem">
      <UniqueIdentifier>{bea351d5-4abc-4812-b4f1-c15b91e3eca6}</UniqueIdentifier>
    </Filter>
    <Filter Include="LSW5\side\supermap">
      <UniqueIdentifier>{1f4d8122-3fb7-4d17-bef7-208fece20f3a}</UniqueIdentifier>
    </Filter>
    <Filter Include="LSW5\side\superresource">
      <UniqueIdentifier>{71a092bc-fe89-4caa-b1b4-565004f03f6a}</UniqueIdentifier>
    </Filter>
    <Filter Include="LSW5\side\supertimer">
      <UniqueIdentifier>{5f5ccd0c-d6b7-4d0d-a4e9-0ef8bf6f1221}</UniqueIdentifier>
    </Filter>
    <Filter Include="LSW5\side\abort">
      <UniqueIdentifier>{a0dcc01c-a13c-4fcc-b13b-ef34b2e3b545}</UniqueIdentifier>
    </Filter>
    <Filter Include="LSW5\side\allegroinitialization">
      <UniqueIdentifier>{a9c42788-07c5-4479-a31b-1119177bb18b}</UniqueIdentifier>
    </Filter>
    <Filter Include="LSW5\side\logger">
      <UniqueIdentifier>{d6db5187-2729-4bc5-afc6-eddadf8f0c14}</UniqueIdentifier>
    </Filter>
    <Filter Include="LSW5\side\tools">
      <UniqueIdentifier>{f029abc9-9b7f-4e7c-a880-1aa3856e0e8c}</UniqueIdentifier>
    </Filter>
  </ItemGroup>
  <ItemGroup>
    <None Include="packages.config" />
  </ItemGroup>
  <ItemGroup>
    <Text Include="Library\coming.txt" />
  </ItemGroup>
  <ItemGroup>
    <ClCompile Include="Library\LSW5\filesystem\filesystem.cpp">
      <Filter>LSW5\side\filesystem</Filter>
    </ClCompile>
    <ClCompile Include="Library\LSW5\superresource\superresource.cpp">
      <Filter>LSW5\side\superresource</Filter>
    </ClCompile>
    <ClCompile Include="Library\LSW5\socketsystem\socketsystem.cpp">
      <Filter>LSW5\side\socketsystem</Filter>
    </ClCompile>
    <ClCompile Include="Library\LSW5\abort\abort.cpp">
      <Filter>LSW5\side\abort</Filter>
    </ClCompile>
    <ClCompile Include="Library\LSW5\logger\logger.cpp">
      <Filter>LSW5\side\logger</Filter>
    </ClCompile>
    <ClCompile Include="Library\LSW5\logger\coloured_string.cpp">
      <Filter>LSW5\side\logger</Filter>
    </ClCompile>
    <ClCompile Include="Library\LSW5\tools\tools.cpp">
      <Filter>LSW5\side\tools</Filter>
    </ClCompile>
    <ClCompile Include="main.cpp" />
    <ClCompile Include="Library\LSW5\logger\printer.cpp">
      <Filter>LSW5\side\logger</Filter>
    </ClCompile>
  </ItemGroup>
  <ItemGroup>
    <ClInclude Include="Library\LSW5\filesystem\filesystem.h">
      <Filter>LSW5\side\filesystem</Filter>
    </ClInclude>
    <ClInclude Include="Library\LSW5\autocaster\autocaster.h">
      <Filter>LSW5\side\autocaster</Filter>
    </ClInclude>
    <ClInclude Include="Library\LSW5\supertimer\supertimer.h">
      <Filter>LSW5\side\supertimer</Filter>
    </ClInclude>
    <ClInclude Include="Library\LSW5\superresource\superresource.h">
      <Filter>LSW5\side\superresource</Filter>
    </ClInclude>
    <ClInclude Include="Library\LSW5\supermap\supermap.h">
      <Filter>LSW5\side\supermap</Filter>
    </ClInclude>
    <ClInclude Include="Library\LSW5\socketsystem\socketsystem.h">
      <Filter>LSW5\side\socketsystem</Filter>
    </ClInclude>
    <ClInclude Include="Library\LSW5\supermap\superpair.h">
      <Filter>LSW5\side\supermap</Filter>
    </ClInclude>
    <ClInclude Include="Library\LSW5\abort\abort.h">
      <Filter>LSW5\side\abort</Filter>
    </ClInclude>
    <ClInclude Include="Library\LSW5\allegroinitialization\allegroinitialization.h">
      <Filter>LSW5\side\allegroinitialization</Filter>
    </ClInclude>
    <ClInclude Include="Library\LSW5\logger\logger.h">
      <Filter>LSW5\side\logger</Filter>
    </ClInclude>
    <ClInclude Include="Library\LSW5\logger\coloured_string.h">
      <Filter>LSW5\side\logger</Filter>
    </ClInclude>
    <ClInclude Include="Library\LSW5\logger\printer.h">
      <Filter>LSW5\side\logger</Filter>
    </ClInclude>
    <ClInclude Include="Library\LSW5\tools\tools.h">
      <Filter>LSW5\side\tools</Filter>
    </ClInclude>
  </ItemGroup>
</Project>