<?xml version="1.0" encoding="utf-8"?>
<Project ToolsVersion="4.0" xmlns="http://schemas.microsoft.com/developer/msbuild/2003">
  <ItemGroup>
    <Filter Include="LSW5">
      <UniqueIdentifier>{298a9cee-b1d5-4a09-890d-a80539366e03}</UniqueIdentifier>
    </Filter>
    <Filter Include="LSW5\Library">
      <UniqueIdentifier>{223c3072-18ad-4bac-8031-cf91700e0ec1}</UniqueIdentifier>
    </Filter>
    <Filter Include="LSW5\Library\filesystem">
      <UniqueIdentifier>{195c98ca-a78d-4f4e-99a0-a3b66daa9458}</UniqueIdentifier>
    </Filter>
    <Filter Include="LSW5\Library\autocaster">
      <UniqueIdentifier>{d9e997fa-add2-4f60-b58e-0ed27da608ed}</UniqueIdentifier>
    </Filter>
    <Filter Include="LSW5\Library\socketsystem">
      <UniqueIdentifier>{bea351d5-4abc-4812-b4f1-c15b91e3eca6}</UniqueIdentifier>
    </Filter>
    <Filter Include="LSW5\Library\supermap">
      <UniqueIdentifier>{1f4d8122-3fb7-4d17-bef7-208fece20f3a}</UniqueIdentifier>
    </Filter>
    <Filter Include="LSW5\Library\superresource">
      <UniqueIdentifier>{71a092bc-fe89-4caa-b1b4-565004f03f6a}</UniqueIdentifier>
    </Filter>
    <Filter Include="LSW5\Library\supertimer">
      <UniqueIdentifier>{5f5ccd0c-d6b7-4d0d-a4e9-0ef8bf6f1221}</UniqueIdentifier>
    </Filter>
    <Filter Include="LSW5\Library\abort">
      <UniqueIdentifier>{a0dcc01c-a13c-4fcc-b13b-ef34b2e3b545}</UniqueIdentifier>
    </Filter>
    <Filter Include="LSW5\Library\allegroinitialization">
      <UniqueIdentifier>{a9c42788-07c5-4479-a31b-1119177bb18b}</UniqueIdentifier>
    </Filter>
    <Filter Include="LSW5\Library\logger">
      <UniqueIdentifier>{d6db5187-2729-4bc5-afc6-eddadf8f0c14}</UniqueIdentifier>
    </Filter>
    <Filter Include="LSW5\Library\tools">
      <UniqueIdentifier>{f029abc9-9b7f-4e7c-a880-1aa3856e0e8c}</UniqueIdentifier>
    </Filter>
    <Filter Include="LSW5\Library\database">
      <UniqueIdentifier>{094bf148-9c1a-4d99-8dc6-a7f33be2d817}</UniqueIdentifier>
    </Filter>
    <Filter Include="LSW5\Library\camera">
      <UniqueIdentifier>{5d3d7ab6-3e28-4c9d-a9f4-58b1dd1ac3b4}</UniqueIdentifier>
    </Filter>
    <Filter Include="LSW5\Library\display">
      <UniqueIdentifier>{0c641a94-4b2d-43b7-8137-44dbf872663b}</UniqueIdentifier>
    </Filter>
    <Filter Include="LSW5\Library\superthread">
      <UniqueIdentifier>{6d311c11-e4de-458a-979a-4aafa4a23382}</UniqueIdentifier>
    </Filter>
    <Filter Include="LSW5\Library\downloader">
      <UniqueIdentifier>{8a74b659-f694-4391-8851-d604390d6853}</UniqueIdentifier>
    </Filter>
    <Filter Include="LSW5\Library\hash">
      <UniqueIdentifier>{fb65d02d-5ea3-4ca4-874f-7a677eb864d1}</UniqueIdentifier>
    </Filter>
    <Filter Include="LSW5\Library\launcher">
      <UniqueIdentifier>{fb8f3416-7a6e-42f7-aad8-cff738192c8b}</UniqueIdentifier>
    </Filter>
    <Filter Include="LSW5\Library\core">
      <UniqueIdentifier>{b58e2175-ddf8-466a-b53d-a519cfff92d3}</UniqueIdentifier>
    </Filter>
    <Filter Include="LSW5\Library\shared">
      <UniqueIdentifier>{2fd24662-6140-4e61-8d6a-169655cc7469}</UniqueIdentifier>
    </Filter>
    <Filter Include="LSW5\Library\sprite">
      <UniqueIdentifier>{3b988ab4-6b5c-4509-95f9-05638a3dd447}</UniqueIdentifier>
    </Filter>
    <Filter Include="LSW5\Library\supermutex">
      <UniqueIdentifier>{1c2e96ff-a1c9-44db-8124-9de3809c4aef}</UniqueIdentifier>
    </Filter>
    <Filter Include="LSW5\Library\entities">
      <UniqueIdentifier>{405588bd-d0ce-482b-9563-bc986de37594}</UniqueIdentifier>
    </Filter>
    <Filter Include="README reference">
      <UniqueIdentifier>{6c596632-0cdb-4def-8a66-d35b85346d79}</UniqueIdentifier>
    </Filter>
    <Filter Include="LSW5\Library\voice">
      <UniqueIdentifier>{d1d37215-0609-4169-88a0-d15706d38eb4}</UniqueIdentifier>
    </Filter>
    <Filter Include="LSW5\Library\mixer">
      <UniqueIdentifier>{b40835d1-8c32-4a15-95a6-f2388857bd31}</UniqueIdentifier>
    </Filter>
    <Filter Include="LSW5\Library\sample">
      <UniqueIdentifier>{42182d1b-6c79-4c62-a6fc-edcbb71199fe}</UniqueIdentifier>
    </Filter>
    <Filter Include="LSW5\Library\track">
      <UniqueIdentifier>{293400e2-f2ce-424d-b5b0-1d7d1acfbd72}</UniqueIdentifier>
    </Filter>
  </ItemGroup>
  <ItemGroup>
    <None Include="packages.config" />
    <None Include="Library\dependencies.md" />
    <None Include="..\readme.md">
      <Filter>README reference</Filter>
    </None>
  </ItemGroup>
  <ItemGroup>
    <Text Include="Library\coming.txt" />
  </ItemGroup>
  <ItemGroup>
    <ClCompile Include="Library\LSW5\filesystem\filesystem.cpp">
      <Filter>LSW5\Library\filesystem</Filter>
    </ClCompile>
    <ClCompile Include="Library\LSW5\socketsystem\socketsystem.cpp">
      <Filter>LSW5\Library\socketsystem</Filter>
    </ClCompile>
    <ClCompile Include="Library\LSW5\abort\abort.cpp">
      <Filter>LSW5\Library\abort</Filter>
    </ClCompile>
    <ClCompile Include="Library\LSW5\logger\logger.cpp">
      <Filter>LSW5\Library\logger</Filter>
    </ClCompile>
    <ClCompile Include="Library\LSW5\logger\coloured_string.cpp">
      <Filter>LSW5\Library\logger</Filter>
    </ClCompile>
    <ClCompile Include="Library\LSW5\tools\tools.cpp">
      <Filter>LSW5\Library\tools</Filter>
    </ClCompile>
    <ClCompile Include="main.cpp" />
    <ClCompile Include="Library\LSW5\logger\printer.cpp">
      <Filter>LSW5\Library\logger</Filter>
    </ClCompile>
    <ClCompile Include="Library\LSW5\database\database.cpp">
      <Filter>LSW5\Library\database</Filter>
    </ClCompile>
    <ClCompile Include="Library\LSW5\camera\camera.cpp">
      <Filter>LSW5\Library\camera</Filter>
    </ClCompile>
    <ClCompile Include="Library\LSW5\display\display.cpp">
      <Filter>LSW5\Library\display</Filter>
    </ClCompile>
    <ClCompile Include="Library\LSW5\download\download.cpp">
      <Filter>LSW5\Library\downloader</Filter>
    </ClCompile>
    <ClCompile Include="Library\LSW5\hash\sha256.cpp">
      <Filter>LSW5\Library\hash</Filter>
    </ClCompile>
    <ClCompile Include="Library\LSW5\launcher\launcher.cpp">
      <Filter>LSW5\Library\launcher</Filter>
    </ClCompile>
    <ClCompile Include="Library\LSW5\core\core.cpp">
      <Filter>LSW5\Library\core</Filter>
    </ClCompile>
    <ClCompile Include="Library\LSW5\sprite\sprite.cpp">
      <Filter>LSW5\Library\sprite</Filter>
    </ClCompile>
    <ClCompile Include="Library\LSW5\supermutex\supermutex.cpp">
      <Filter>LSW5\Library\supermutex</Filter>
    </ClCompile>
    <ClCompile Include="Library\LSW5\entities\entities.cpp">
      <Filter>LSW5\Library\entities</Filter>
    </ClCompile>
    <ClCompile Include="Library\LSW5\voice\voice.cpp">
      <Filter>LSW5\Library\voice</Filter>
    </ClCompile>
    <ClCompile Include="Library\LSW5\mixer\mixer.cpp">
      <Filter>LSW5\Library\mixer</Filter>
    </ClCompile>
    <ClCompile Include="Library\LSW5\sample\sample.cpp">
      <Filter>LSW5\Library\sample</Filter>
    </ClCompile>
    <ClCompile Include="Library\LSW5\track\track.cpp">
      <Filter>LSW5\Library\track</Filter>
    </ClCompile>
  </ItemGroup>
  <ItemGroup>
    <ClInclude Include="Library\LSW5\filesystem\filesystem.h">
      <Filter>LSW5\Library\filesystem</Filter>
    </ClInclude>
    <ClInclude Include="Library\LSW5\autocaster\autocaster.h">
      <Filter>LSW5\Library\autocaster</Filter>
    </ClInclude>
    <ClInclude Include="Library\LSW5\supertimer\supertimer.h">
      <Filter>LSW5\Library\supertimer</Filter>
    </ClInclude>
    <ClInclude Include="Library\LSW5\superresource\superresource.h">
      <Filter>LSW5\Library\superresource</Filter>
    </ClInclude>
    <ClInclude Include="Library\LSW5\supermap\supermap.h">
      <Filter>LSW5\Library\supermap</Filter>
    </ClInclude>
    <ClInclude Include="Library\LSW5\socketsystem\socketsystem.h">
      <Filter>LSW5\Library\socketsystem</Filter>
    </ClInclude>
    <ClInclude Include="Library\LSW5\supermap\superpair.h">
      <Filter>LSW5\Library\supermap</Filter>
    </ClInclude>
    <ClInclude Include="Library\LSW5\abort\abort.h">
      <Filter>LSW5\Library\abort</Filter>
    </ClInclude>
    <ClInclude Include="Library\LSW5\allegroinitialization\allegroinitialization.h">
      <Filter>LSW5\Library\allegroinitialization</Filter>
    </ClInclude>
    <ClInclude Include="Library\LSW5\logger\logger.h">
      <Filter>LSW5\Library\logger</Filter>
    </ClInclude>
    <ClInclude Include="Library\LSW5\logger\coloured_string.h">
      <Filter>LSW5\Library\logger</Filter>
    </ClInclude>
    <ClInclude Include="Library\LSW5\logger\printer.h">
      <Filter>LSW5\Library\logger</Filter>
    </ClInclude>
    <ClInclude Include="Library\LSW5\tools\tools.h">
      <Filter>LSW5\Library\tools</Filter>
    </ClInclude>
    <ClInclude Include="Library\LSW5\database\database.h">
      <Filter>LSW5\Library\database</Filter>
    </ClInclude>
    <ClInclude Include="Library\LSW5\camera\camera.h">
      <Filter>LSW5\Library\camera</Filter>
    </ClInclude>
    <ClInclude Include="Library\LSW5\display\display.h">
      <Filter>LSW5\Library\display</Filter>
    </ClInclude>
    <ClInclude Include="Library\LSW5\superthread\superthread.h">
      <Filter>LSW5\Library\superthread</Filter>
    </ClInclude>
    <ClInclude Include="Library\LSW5\download\download.h">
      <Filter>LSW5\Library\downloader</Filter>
    </ClInclude>
    <ClInclude Include="Library\LSW5\hash\sha256.h">
      <Filter>LSW5\Library\hash</Filter>
    </ClInclude>
    <ClInclude Include="Library\LSW5\launcher\launcher.h">
      <Filter>LSW5\Library\launcher</Filter>
    </ClInclude>
    <ClInclude Include="Library\LSW5\core\core.h">
      <Filter>LSW5\Library\core</Filter>
    </ClInclude>
    <ClInclude Include="Library\LSW5\shared\shared.h">
      <Filter>LSW5\Library\shared</Filter>
    </ClInclude>
    <ClInclude Include="Library\LSW5\sprite\sprite.h">
      <Filter>LSW5\Library\sprite</Filter>
    </ClInclude>
    <ClInclude Include="Library\LSW5\supermutex\supermutex.h">
      <Filter>LSW5\Library\supermutex</Filter>
    </ClInclude>
    <ClInclude Include="Library\LSW5\entities\entities.h">
      <Filter>LSW5\Library\entities</Filter>
    </ClInclude>
    <ClInclude Include="Library\LSW5\voice\voice.h">
      <Filter>LSW5\Library\voice</Filter>
    </ClInclude>
    <ClInclude Include="Library\LSW5\mixer\mixer.h">
      <Filter>LSW5\Library\mixer</Filter>
    </ClInclude>
    <ClInclude Include="Library\LSW5\sample\sample.h">
      <Filter>LSW5\Library\sample</Filter>
    </ClInclude>
    <ClInclude Include="Library\LSW5\track\track.h">
      <Filter>LSW5\Library\track</Filter>
    </ClInclude>
  </ItemGroup>
</Project>